
Microsoft Visual Studio Solution File, Format Version 12.00
# Visual Studio Version 18
VisualStudioVersion = 18.0.0.0
MinimumVisualStudioVersion = 10.0.40219.1
Project("{FAE04EC0-301F-11D3-BF4B-00C04F79EFBC}") = "WinToolbarMediaButtons", "WinToolbarMediaButtons.csproj", "{C3E9A4B2-7F1D-4A8C-9E5B-2D6F8A0B3C7E}"
EndProject
Global
	GlobalSection(SolutionConfigurationPlatforms) = preSolution
		Debug|x64 = Debug|x64
		Release|x64 = Release|x64
	EndGlobalSection
	GlobalSection(ProjectConfigurationPlatforms) = postSolution
		{C3E9A4B2-7F1D-4A8C-9E5B-2D6F8A0B3C7E}.Debug|x64.ActiveCfg = Debug|x64
		{C3E9A4B2-7F1D-4A8C-9E5B-2D6F8A0B3C7E}.Debug|x64.Build.0 = Debug|x64
		{C3E9A4B2-7F1D-4A8C-9E5B-2D6F8A0B3C7E}.Release|x64.ActiveCfg = Release|x64
		{C3E9A4B2-7F1D-4A8C-9E5B-2D6F8A0B3C7E}.Release|x64.Build.0 = Release|x64
	EndGlobalSection
	GlobalSection(SolutionProperties) = preSolution
		HideSolutionNode = FALSE
	EndGlobalSection
EndGlobal
